
Microsoft Visual Studio Solution File, Format Version 12.00
# Visual Studio 15
VisualStudioVersion = 15.0.28010.2026
MinimumVisualStudioVersion = 10.0.40219.1
Project("{FAE04EC0-301F-11D3-BF4B-00C04F79EFBC}") = "sound injection", "sound injection\sound injection.csproj", "{545169AB-4260-4523-A4C8-2B86CFF7FB36}"
EndProject
Global
	GlobalSection(SolutionConfigurationPlatforms) = preSolution
		Debug|Any CPU = Debug|Any CPU
		Release|Any CPU = Release|Any CPU
	EndGlobalSection
	GlobalSection(ProjectConfigurationPlatforms) = postSolution
		{545169AB-4260-4523-A4C8-2B86CFF7FB36}.Debug|Any CPU.ActiveCfg = Debug|Any CPU
		{545169AB-4260-4523-A4C8-2B86CFF7FB36}.Debug|Any CPU.Build.0 = Debug|Any CPU
		{545169AB-4260-4523-A4C8-2B86CFF7FB36}.Release|Any CPU.ActiveCfg = Release|Any CPU
		{545169AB-4260-4523-A4C8-2B86CFF7FB36}.Release|Any CPU.Build.0 = Release|Any CPU
	EndGlobalSection
	GlobalSection(SolutionProperties) = preSolution
		HideSolutionNode = FALSE
	EndGlobalSection
	GlobalSection(ExtensibilityGlobals) = postSolution
		SolutionGuid = {5F07A8D6-08B6-454A-8810-10EBB1CC1593}
	EndGlobalSection
EndGlobal
